
Microsoft Visual Studio Solution File, Format Version 12.00
# Visual Studio Version 17
VisualStudioVersion = 17.2.32526.322
MinimumVisualStudioVersion = 10.0.40219.1
Project("{FAE04EC0-301F-11D3-BF4B-00C04F79EFBC}") = "NewDemo", "NewDemo\NewDemo.csproj", "{D49AED26-7228-4DB2-9E98-0DCCAFDE1075}"
EndProject
Global
	GlobalSection(SolutionConfigurationPlatforms) = preSolution
		Debug|Any CPU = Debug|Any CPU
		Release|Any CPU = Release|Any CPU
	EndGlobalSection
	GlobalSection(ProjectConfigurationPlatforms) = postSolution
		{D49AED26-7228-4DB2-9E98-0DCCAFDE1075}.Debug|Any CPU.ActiveCfg = Debug|Any CPU
		{D49AED26-7228-4DB2-9E98-0DCCAFDE1075}.Debug|Any CPU.Build.0 = Debug|Any CPU
		{D49AED26-7228-4DB2-9E98-0DCCAFDE1075}.Release|Any CPU.ActiveCfg = Release|Any CPU
		{D49AED26-7228-4DB2-9E98-0DCCAFDE1075}.Release|Any CPU.Build.0 = Release|Any CPU
	EndGlobalSection
	GlobalSection(SolutionProperties) = preSolution
		HideSolutionNode = FALSE
	EndGlobalSection
	GlobalSection(ExtensibilityGlobals) = postSolution
		SolutionGuid = {F2003466-4C0A-4E35-A75E-C8BF617EDD66}
	EndGlobalSection
EndGlobal
